
Microsoft Visual Studio Solution File, Format Version 10.00
# Visual Studio 2008
Project("{8BC9CEB8-8B4A-11D0-8D11-00A0C91BC942}") = "Aula29-02C++Encapsulamento", "Aula29-02C++Encapsulamento\Aula29-02C++Encapsulamento.vcproj", "{7C314197-5EA0-4969-9FAE-6E3F9B70996E}"
EndProject
Global
	GlobalSection(SolutionConfigurationPlatforms) = preSolution
		Debug|Win32 = Debug|Win32
		Release|Win32 = Release|Win32
	EndGlobalSection
	GlobalSection(ProjectConfigurationPlatforms) = postSolution
		{7C314197-5EA0-4969-9FAE-6E3F9B70996E}.Debug|Win32.ActiveCfg = Debug|Win32
		{7C314197-5EA0-4969-9FAE-6E3F9B70996E}.Debug|Win32.Build.0 = Debug|Win32
		{7C314197-5EA0-4969-9FAE-6E3F9B70996E}.Release|Win32.ActiveCfg = Release|Win32
		{7C314197-5EA0-4969-9FAE-6E3F9B70996E}.Release|Win32.Build.0 = Release|Win32
	EndGlobalSection
	GlobalSection(SolutionProperties) = preSolution
		HideSolutionNode = FALSE
	EndGlobalSection
EndGlobal
